
Microsoft Visual Studio Solution File, Format Version 12.00
# Visual Studio 14
VisualStudioVersion = 14.0.22823.1
MinimumVisualStudioVersion = 10.0.40219.1
Project("{FAE04EC0-301F-11D3-BF4B-00C04F79EFBC}") = "Sec", "Sec\Sec.csproj", "{6F350D56-BCFF-44CA-8FAF-B8F5BC49175E}"
EndProject
Project("{FAE04EC0-301F-11D3-BF4B-00C04F79EFBC}") = "SecC", "SecC\SecC.csproj", "{019B49BB-3EDC-41BB-AED8-EB51A6DEFF04}"
EndProject
Global
	GlobalSection(SolutionConfigurationPlatforms) = preSolution
		Debug|Any CPU = Debug|Any CPU
		Release|Any CPU = Release|Any CPU
	EndGlobalSection
	GlobalSection(ProjectConfigurationPlatforms) = postSolution
		{6F350D56-BCFF-44CA-8FAF-B8F5BC49175E}.Debug|Any CPU.ActiveCfg = Debug|Any CPU
		{6F350D56-BCFF-44CA-8FAF-B8F5BC49175E}.Debug|Any CPU.Build.0 = Debug|Any CPU
		{6F350D56-BCFF-44CA-8FAF-B8F5BC49175E}.Release|Any CPU.ActiveCfg = Release|Any CPU
		{6F350D56-BCFF-44CA-8FAF-B8F5BC49175E}.Release|Any CPU.Build.0 = Release|Any CPU
		{019B49BB-3EDC-41BB-AED8-EB51A6DEFF04}.Debug|Any CPU.ActiveCfg = Debug|Any CPU
		{019B49BB-3EDC-41BB-AED8-EB51A6DEFF04}.Debug|Any CPU.Build.0 = Debug|Any CPU
		{019B49BB-3EDC-41BB-AED8-EB51A6DEFF04}.Release|Any CPU.ActiveCfg = Release|Any CPU
		{019B49BB-3EDC-41BB-AED8-EB51A6DEFF04}.Release|Any CPU.Build.0 = Release|Any CPU
	EndGlobalSection
	GlobalSection(SolutionProperties) = preSolution
		HideSolutionNode = FALSE
	EndGlobalSection
EndGlobal
